# -------------------------------------------------------------------------- #
#
# Copyright (C) 2025  Altera Corporation. All rights reserved.
# Your use of Altera Corporation's design tools, logic functions 
# and other software and tools, and any partner logic 
# functions, and any output files from any of the foregoing 
# (including device programming or simulation files), and any 
# associated documentation or information are expressly subject 
# to the terms and conditions of the Altera Program License 
# Subscription Agreement, the Altera Quartus Prime License Agreement,
# the Altera IP License Agreement, or other applicable license
# agreement, including, without limitation, that your use is for
# the sole purpose of programming logic devices manufactured by
# Altera and sold by Altera or its authorized distributors.  Please
# refer to the Altera Software License Subscription Agreements 
# on the Quartus Prime software download page.
#
# -------------------------------------------------------------------------- #
#
# Quartus Prime
# Version 25.1std.0 Build 1129 10/21/2025 Patches 0.02std SC Lite Edition
# Date created = 21:16:56  April 25, 2026
#
# -------------------------------------------------------------------------- #
#
# Notes:
#
# 1) The default values for assignments are stored in the file:
#		top_assignment_defaults.qdf
#    If this file doesn't exist, see file:
#		assignment_defaults.qdf
#
# 2) Intel recommends that you do not modify this file. This
#    file is updated automatically by the Quartus Prime software
#    and any changes you make may be lost or overwritten.
#
# -------------------------------------------------------------------------- #


set_global_assignment -name FAMILY "MAX 10"
set_global_assignment -name DEVICE 10M08DAF256C8GES
set_global_assignment -name TOP_LEVEL_ENTITY top
set_global_assignment -name ORIGINAL_QUARTUS_VERSION "25.1STD.0 SP0.02STD"
set_global_assignment -name PROJECT_CREATION_TIME_DATE "21:16:56  APRIL 25, 2026"
set_global_assignment -name LAST_QUARTUS_VERSION "22.1std.2 Lite Edition"
set_global_assignment -name PROJECT_OUTPUT_DIRECTORY output_files
set_global_assignment -name MIN_CORE_JUNCTION_TEMP 0
set_global_assignment -name MAX_CORE_JUNCTION_TEMP 85
set_global_assignment -name ERROR_CHECK_FREQUENCY_DIVISOR 256
set_global_assignment -name EDA_SIMULATION_TOOL "<None>"
set_global_assignment -name EDA_OUTPUT_DATA_FORMAT "VERILOG HDL" -section_id eda_simulation
set_global_assignment -name EDA_GENERATE_FUNCTIONAL_NETLIST OFF -section_id eda_board_design_timing
set_global_assignment -name EDA_GENERATE_FUNCTIONAL_NETLIST OFF -section_id eda_board_design_symbol
set_global_assignment -name EDA_GENERATE_FUNCTIONAL_NETLIST OFF -section_id eda_board_design_signal_integrity
set_global_assignment -name EDA_GENERATE_FUNCTIONAL_NETLIST OFF -section_id eda_board_design_boundary_scan
set_global_assignment -name VERILOG_FILE top.v
set_global_assignment -name PARTITION_NETLIST_TYPE SOURCE -section_id Top
set_global_assignment -name PARTITION_FITTER_PRESERVATION_LEVEL PLACEMENT_AND_ROUTING -section_id Top
set_global_assignment -name PARTITION_COLOR 16764057 -section_id Top
set_location_assignment PIN_L3 -to clk
set_location_assignment PIN_R15 -to rst_n
set_global_assignment -name SIP_FILE soft_lvds_ip.sip
set_global_assignment -name VERILOG_FILE tmds_encoder.v
set_global_assignment -name VERILOG_FILE vga_generator.v
set_location_assignment PIN_T2 -to tmds_clk_p
set_location_assignment PIN_T4 -to tmds_data_p[0]
set_location_assignment PIN_R2 -to tmds_data_p[1]
set_location_assignment PIN_R5 -to tmds_data_p[2]
set_instance_assignment -name IO_STANDARD LVDS_E_3R -to tmds_clk_p
set_location_assignment PIN_T3 -to "tmds_clk_p(n)"
set_location_assignment PIN_M16 -to led0
set_location_assignment PIN_N16 -to led1
set_location_assignment PIN_P16 -to led2
set_location_assignment PIN_R16 -to led3
set_global_assignment -name VERILOG_FILE hdmi_tx.v
set_instance_assignment -name IO_STANDARD LVDS_E_3R -to tmds_data_p[2]
set_instance_assignment -name IO_STANDARD LVDS_E_3R -to tmds_data_p[1]
set_instance_assignment -name IO_STANDARD LVDS_E_3R -to tmds_data_p[0]
set_instance_assignment -name IO_STANDARD LVDS_E_3R -to tmds_data_p
set_location_assignment PIN_T5 -to "tmds_data_p[0](n)"
set_location_assignment PIN_R3 -to "tmds_data_p[1](n)"
set_location_assignment PIN_R6 -to "tmds_data_p[2](n)"
set_global_assignment -name SIP_FILE altlvds_tx_inst.sip
set_global_assignment -name QIP_FILE soft_lvds_ip.qip
set_global_assignment -name QIP_FILE altpll_ip.qip
set_instance_assignment -name PARTITION_HIERARCHY root_partition -to | -section_id Top